// !$*UTF8*$!
{
	archiveVersion = 1;
	classes = {
	};
	objectVersion = 46;
	objects = {

/* Begin PBXBuildFile section */
		19B04E1220569E8E00A3366A /* main.m in Sources */ = {isa = PBXBuildFile; fileRef = 19B04E1120569E8E00A3366A /* main.m */; };
		19B04E1520569E8E00A3366A /* AppDelegate.m in Sources */ = {isa = PBXBuildFile; fileRef = 19B04E1420569E8E00A3366A /* AppDelegate.m */; };
		19B04E1820569E8E00A3366A /* ViewController.m in Sources */ = {isa = PBXBuildFile; fileRef = 19B04E1720569E8E00A3366A /* ViewController.m */; };
		19B04E1D20569E8E00A3366A /* Assets.xcassets in Resources */ = {isa = PBXBuildFile; fileRef = 19B04E1C20569E8E00A3366A /* Assets.xcassets */; };
		19B04E2B20569E8F00A3366A /* SKATableViewExampleTests.m in Sources */ = {isa = PBXBuildFile; fileRef = 19B04E2A20569E8F00A3366A /* SKATableViewExampleTests.m */; };
		19B04E3620569E8F00A3366A /* SKATableViewExampleUITests.m in Sources */ = {isa = PBXBuildFile; fileRef = 19B04E3520569E8F00A3366A /* SKATableViewExampleUITests.m */; };
		19B04E4920569F7E00A3366A /* SKATableView.m in Sources */ = {isa = PBXBuildFile; fileRef = 19B04E4820569F7E00A3366A /* SKATableView.m */; };
		19B04E4B20569F9D00A3366A /* ViewController.xib in Resources */ = {isa = PBXBuildFile; fileRef = 19B04E4A20569F9D00A3366A /* ViewController.xib */; };
		19B04E4D2056A00700A3366A /* Active_Arrow.png in Resources */ = {isa = PBXBuildFile; fileRef = 19B04E4C2056A00700A3366A /* Active_Arrow.png */; };
/* End PBXBuildFile section */

/* Begin PBXContainerItemProxy section */
		19B04E2720569E8F00A3366A /* PBXContainerItemProxy */ = {
			isa = PBXContainerItemProxy;
			containerPortal = 19B04E0520569E8E00A3366A /* Project object */;
			proxyType = 1;
			remoteGlobalIDString = 19B04E0C20569E8E00A3366A;
			remoteInfo = SKATableViewExample;
		};
		19B04E3220569E8F00A3366A /* PBXContainerItemProxy */ = {
			isa = PBXContainerItemProxy;
			containerPortal = 19B04E0520569E8E00A3366A /* Project object */;
			proxyType = 1;
			remoteGlobalIDString = 19B04E0C20569E8E00A3366A;
			remoteInfo = SKATableViewExample;
		};
/* End PBXContainerItemProxy section */

/* Begin PBXFileReference section */
		19B04E0D20569E8E00A3366A /* SKATableViewExample.app */ = {isa = PBXFileReference; explicitFileType = wrapper.application; includeInIndex = 0; path = SKATableViewExample.app; sourceTree = BUILT_PRODUCTS_DIR; };
		19B04E1120569E8E00A3366A /* main.m */ = {isa = PBXFileReference; lastKnownFileType = sourcecode.c.objc; path = main.m; sourceTree = "<group>"; };
		19B04E1320569E8E00A3366A /* AppDelegate.h */ = {isa = PBXFileReference; lastKnownFileType = sourcecode.c.h; path = AppDelegate.h; sourceTree = "<group>"; };
		19B04E1420569E8E00A3366A /* AppDelegate.m */ = {isa = PBXFileReference; lastKnownFileType = sourcecode.c.objc; path = AppDelegate.m; sourceTree = "<group>"; };
		19B04E1620569E8E00A3366A /* ViewController.h */ = {isa = PBXFileReference; lastKnownFileType = sourcecode.c.h; path = ViewController.h; sourceTree = "<group>"; };
		19B04E1720569E8E00A3366A /* ViewController.m */ = {isa = PBXFileReference; lastKnownFileType = sourcecode.c.objc; path = ViewController.m; sourceTree = "<group>"; };
		19B04E1C20569E8E00A3366A /* Assets.xcassets */ = {isa = PBXFileReference; lastKnownFileType = folder.assetcatalog; path = Assets.xcassets; sourceTree = "<group>"; };
		19B04E2120569E8E00A3366A /* Info.plist */ = {isa = PBXFileReference; lastKnownFileType = text.plist.xml; path = Info.plist; sourceTree = "<group>"; };
		19B04E2620569E8F00A3366A /* SKATableViewExampleTests.xctest */ = {isa = PBXFileReference; explicitFileType = wrapper.cfbundle; includeInIndex = 0; path = SKATableViewExampleTests.xctest; sourceTree = BUILT_PRODUCTS_DIR; };
		19B04E2A20569E8F00A3366A /* SKATableViewExampleTests.m */ = {isa = PBXFileReference; lastKnownFileType = sourcecode.c.objc; path = SKATableViewExampleTests.m; sourceTree = "<group>"; };
		19B04E2C20569E8F00A3366A /* Info.plist */ = {isa = PBXFileReference; lastKnownFileType = text.plist.xml; path = Info.plist; sourceTree = "<group>"; };
		19B04E3120569E8F00A3366A /* SKATableViewExampleUITests.xctest */ = {isa = PBXFileReference; explicitFileType = wrapper.cfbundle; includeInIndex = 0; path = SKATableViewExampleUITests.xctest; sourceTree = BUILT_PRODUCTS_DIR; };
		19B04E3520569E8F00A3366A /* SKATableViewExampleUITests.m */ = {isa = PBXFileReference; lastKnownFileType = sourcecode.c.objc; path = SKATableViewExampleUITests.m; sourceTree = "<group>"; };
		19B04E3720569E8F00A3366A /* Info.plist */ = {isa = PBXFileReference; lastKnownFileType = text.plist.xml; path = Info.plist; sourceTree = "<group>"; };
		19B04E4720569F4E00A3366A /* SKATableView.h */ = {isa = PBXFileReference; fileEncoding = 4; lastKnownFileType = sourcecode.c.h; path = SKATableView.h; sourceTree = "<group>"; };
		19B04E4820569F7E00A3366A /* SKATableView.m */ = {isa = PBXFileReference; fileEncoding = 4; lastKnownFileType = sourcecode.c.objc; path = SKATableView.m; sourceTree = "<group>"; };
		19B04E4A20569F9D00A3366A /* ViewController.xib */ = {isa = PBXFileReference; fileEncoding = 4; lastKnownFileType = file.xib; path = ViewController.xib; sourceTree = "<group>"; };
		19B04E4C2056A00700A3366A /* Active_Arrow.png */ = {isa = PBXFileReference; lastKnownFileType = image.png; path = Active_Arrow.png; sourceTree = "<group>"; };
/* End PBXFileReference section */

/* Begin PBXFrameworksBuildPhase section */
		19B04E0A20569E8E00A3366A /* Frameworks */ = {
			isa = PBXFrameworksBuildPhase;
			buildActionMask = 2147483647;
			files = (
			);
			runOnlyForDeploymentPostprocessing = 0;
		};
		19B04E2320569E8F00A3366A /* Frameworks */ = {
			isa = PBXFrameworksBuildPhase;
			buildActionMask = 2147483647;
			files = (
			);
			runOnlyForDeploymentPostprocessing = 0;
		};
		19B04E2E20569E8F00A3366A /* Frameworks */ = {
			isa = PBXFrameworksBuildPhase;
			buildActionMask = 2147483647;
			files = (
			);
			runOnlyForDeploymentPostprocessing = 0;
		};
/* End PBXFrameworksBuildPhase section */

/* Begin PBXGroup section */
		19B04E0420569E8E00A3366A = {
			isa = PBXGroup;
			children = (
				19B04E0F20569E8E00A3366A /* SKATableViewExample */,
				19B04E2920569E8F00A3366A /* SKATableViewExampleTests */,
				19B04E3420569E8F00A3366A /* SKATableViewExampleUITests */,
				19B04E0E20569E8E00A3366A /* Products */,
			);
			sourceTree = "<group>";
		};
		19B04E0E20569E8E00A3366A /* Products */ = {
			isa = PBXGroup;
			children = (
				19B04E0D20569E8E00A3366A /* SKATableViewExample.app */,
				19B04E2620569E8F00A3366A /* SKATableViewExampleTests.xctest */,
				19B04E3120569E8F00A3366A /* SKATableViewExampleUITests.xctest */,
			);
			name = Products;
			sourceTree = "<group>";
		};
		19B04E0F20569E8E00A3366A /* SKATableViewExample */ = {
			isa = PBXGroup;
			children = (
				19B04E4720569F4E00A3366A /* SKATableView.h */,
				19B04E4820569F7E00A3366A /* SKATableView.m */,
				19B04E4320569ED100A3366A /* SKATableView */,
				19B04E1320569E8E00A3366A /* AppDelegate.h */,
				19B04E1420569E8E00A3366A /* AppDelegate.m */,
				19B04E1620569E8E00A3366A /* ViewController.h */,
				19B04E1720569E8E00A3366A /* ViewController.m */,
				19B04E1C20569E8E00A3366A /* Assets.xcassets */,
				19B04E2120569E8E00A3366A /* Info.plist */,
				19B04E1020569E8E00A3366A /* Supporting Files */,
			);
			path = SKATableViewExample;
			sourceTree = "<group>";
		};
		19B04E1020569E8E00A3366A /* Supporting Files */ = {
			isa = PBXGroup;
			children = (
				19B04E4C2056A00700A3366A /* Active_Arrow.png */,
				19B04E1120569E8E00A3366A /* main.m */,
				19B04E4A20569F9D00A3366A /* ViewController.xib */,
			);
			name = "Supporting Files";
			sourceTree = "<group>";
		};
		19B04E2920569E8F00A3366A /* SKATableViewExampleTests */ = {
			isa = PBXGroup;
			children = (
				19B04E2A20569E8F00A3366A /* SKATableViewExampleTests.m */,
				19B04E2C20569E8F00A3366A /* Info.plist */,
			);
			path = SKATableViewExampleTests;
			sourceTree = "<group>";
		};
		19B04E3420569E8F00A3366A /* SKATableViewExampleUITests */ = {
			isa = PBXGroup;
			children = (
				19B04E3520569E8F00A3366A /* SKATableViewExampleUITests.m */,
				19B04E3720569E8F00A3366A /* Info.plist */,
			);
			path = SKATableViewExampleUITests;
			sourceTree = "<group>";
		};
		19B04E4320569ED100A3366A /* SKATableView */ = {
			isa = PBXGroup;
			children = (
			);
			name = SKATableView;
			sourceTree = "<group>";
		};
/* End PBXGroup section */

/* Begin PBXNativeTarget section */
		19B04E0C20569E8E00A3366A /* SKATableViewExample */ = {
			isa = PBXNativeTarget;
			buildConfigurationList = 19B04E3A20569E8F00A3366A /* Build configuration list for PBXNativeTarget "SKATableViewExample" */;
			buildPhases = (
				19B04E0920569E8E00A3366A /* Sources */,
				19B04E0A20569E8E00A3366A /* Frameworks */,
				19B04E0B20569E8E00A3366A /* Resources */,
			);
			buildRules = (
			);
			dependencies = (
			);
			name = SKATableViewExample;
			productName = SKATableViewExample;
			productReference = 19B04E0D20569E8E00A3366A /* SKATableViewExample.app */;
			productType = "com.apple.product-type.application";
		};
		19B04E2520569E8F00A3366A /* SKATableViewExampleTests */ = {
			isa = PBXNativeTarget;
			buildConfigurationList = 19B04E3D20569E8F00A3366A /* Build configuration list for PBXNativeTarget "SKATableViewExampleTests" */;
			buildPhases = (
				19B04E2220569E8F00A3366A /* Sources */,
				19B04E2320569E8F00A3366A /* Frameworks */,
				19B04E2420569E8F00A3366A /* Resources */,
			);
			buildRules = (
			);
			dependencies = (
				19B04E2820569E8F00A3366A /* PBXTargetDependency */,
			);
			name = SKATableViewExampleTests;
			productName = SKATableViewExampleTests;
			productReference = 19B04E2620569E8F00A3366A /* SKATableViewExampleTests.xctest */;
			productType = "com.apple.product-type.bundle.unit-test";
		};
		19B04E3020569E8F00A3366A /* SKATableViewExampleUITests */ = {
			isa = PBXNativeTarget;
			buildConfigurationList = 19B04E4020569E8F00A3366A /* Build configuration list for PBXNativeTarget "SKATableViewExampleUITests" */;
			buildPhases = (
				19B04E2D20569E8F00A3366A /* Sources */,
				19B04E2E20569E8F00A3366A /* Frameworks */,
				19B04E2F20569E8F00A3366A /* Resources */,
			);
			buildRules = (
			);
			dependencies = (
				19B04E3320569E8F00A3366A /* PBXTargetDependency */,
			);
			name = SKATableViewExampleUITests;
			productName = SKATableViewExampleUITests;
			productReference = 19B04E3120569E8F00A3366A /* SKATableViewExampleUITests.xctest */;
			productType = "com.apple.product-type.bundle.ui-testing";
		};
/* End PBXNativeTarget section */

/* Begin PBXProject section */
		19B04E0520569E8E00A3366A /* Project object */ = {
			isa = PBXProject;
			attributes = {
				LastUpgradeCheck = 0820;
				ORGANIZATIONNAME = "Alok Singh";
				TargetAttributes = {
					19B04E0C20569E8E00A3366A = {
						CreatedOnToolsVersion = 8.2.1;
						ProvisioningStyle = Automatic;
					};
					19B04E2520569E8F00A3366A = {
						CreatedOnToolsVersion = 8.2.1;
						ProvisioningStyle = Automatic;
						TestTargetID = 19B04E0C20569E8E00A3366A;
					};
					19B04E3020569E8F00A3366A = {
						CreatedOnToolsVersion = 8.2.1;
						ProvisioningStyle = Automatic;
						TestTargetID = 19B04E0C20569E8E00A3366A;
					};
				};
			};
			buildConfigurationList = 19B04E0820569E8E00A3366A /* Build configuration list for PBXProject "SKATableViewExample" */;
			compatibilityVersion = "Xcode 3.2";
			developmentRegion = English;
			hasScannedForEncodings = 0;
			knownRegions = (
				en,
				Base,
			);
			mainGroup = 19B04E0420569E8E00A3366A;
			productRefGroup = 19B04E0E20569E8E00A3366A /* Products */;
			projectDirPath = "";
			projectRoot = "";
			targets = (
				19B04E0C20569E8E00A3366A /* SKATableViewExample */,
				19B04E2520569E8F00A3366A /* SKATableViewExampleTests */,
				19B04E3020569E8F00A3366A /* SKATableViewExampleUITests */,
			);
		};
/* End PBXProject section */

/* Begin PBXResourcesBuildPhase section */
		19B04E0B20569E8E00A3366A /* Resources */ = {
			isa = PBXResourcesBuildPhase;
			buildActionMask = 2147483647;
			files = (
				19B04E4D2056A00700A3366A /* Active_Arrow.png in Resources */,
				19B04E4B20569F9D00A3366A /* ViewController.xib in Resources */,
				19B04E1D20569E8E00A3366A /* Assets.xcassets in Resources */,
			);
			runOnlyForDeploymentPostprocessing = 0;
		};
		19B04E2420569E8F00A3366A /* Resources */ = {
			isa = PBXResourcesBuildPhase;
			buildActionMask = 2147483647;
			files = (
			);
			runOnlyForDeploymentPostprocessing = 0;
		};
		19B04E2F20569E8F00A3366A /* Resources */ = {
			isa = PBXResourcesBuildPhase;
			buildActionMask = 2147483647;
			files = (
			);
			runOnlyForDeploymentPostprocessing = 0;
		};
/* End PBXResourcesBuildPhase section */

/* Begin PBXSourcesBuildPhase section */
		19B04E0920569E8E00A3366A /* Sources */ = {
			isa = PBXSourcesBuildPhase;
			buildActionMask = 2147483647;
			files = (
				19B04E1820569E8E00A3366A /* ViewController.m in Sources */,
				19B04E1520569E8E00A3366A /* AppDelegate.m in Sources */,
				19B04E1220569E8E00A3366A /* main.m in Sources */,
				19B04E4920569F7E00A3366A /* SKATableView.m in Sources */,
			);
			runOnlyForDeploymentPostprocessing = 0;
		};
		19B04E2220569E8F00A3366A /* Sources */ = {
			isa = PBXSourcesBuildPhase;
			buildActionMask = 2147483647;
			files = (
				19B04E2B20569E8F00A3366A /* SKATableViewExampleTests.m in Sources */,
			);
			runOnlyForDeploymentPostprocessing = 0;
		};
		19B04E2D20569E8F00A3366A /* Sources */ = {
			isa = PBXSourcesBuildPhase;
			buildActionMask = 2147483647;
			files = (
				19B04E3620569E8F00A3366A /* SKATableViewExampleUITests.m in Sources */,
			);
			runOnlyForDeploymentPostprocessing = 0;
		};
/* End PBXSourcesBuildPhase section */

/* Begin PBXTargetDependency section */
		19B04E2820569E8F00A3366A /* PBXTargetDependency */ = {
			isa = PBXTargetDependency;
			target = 19B04E0C20569E8E00A3366A /* SKATableViewExample */;
			targetProxy = 19B04E2720569E8F00A3366A /* PBXContainerItemProxy */;
		};
		19B04E3320569E8F00A3366A /* PBXTargetDependency */ = {
			isa = PBXTargetDependency;
			target = 19B04E0C20569E8E00A3366A /* SKATableViewExample */;
			targetProxy = 19B04E3220569E8F00A3366A /* PBXContainerItemProxy */;
		};
/* End PBXTargetDependency section */

/* Begin XCBuildConfiguration section */
		19B04E3820569E8F00A3366A /* Debug */ = {
			isa = XCBuildConfiguration;
			buildSettings = {
				ALWAYS_SEARCH_USER_PATHS = NO;
				CLANG_ANALYZER_NONNULL = YES;
				CLANG_CXX_LANGUAGE_STANDARD = "gnu++0x";
				CLANG_CXX_LIBRARY = "libc++";
				CLANG_ENABLE_MODULES = YES;
				CLANG_ENABLE_OBJC_ARC = YES;
				CLANG_WARN_BOOL_CONVERSION = YES;
				CLANG_WARN_CONSTANT_CONVERSION = YES;
				CLANG_WARN_DIRECT_OBJC_ISA_USAGE = YES_ERROR;
				CLANG_WARN_DOCUMENTATION_COMMENTS = YES;
				CLANG_WARN_EMPTY_BODY = YES;
				CLANG_WARN_ENUM_CONVERSION = YES;
				CLANG_WARN_INFINITE_RECURSION = YES;
				CLANG_WARN_INT_CONVERSION = YES;
				CLANG_WARN_OBJC_ROOT_CLASS = YES_ERROR;
				CLANG_WARN_SUSPICIOUS_MOVE = YES;
				CLANG_WARN_UNREACHABLE_CODE = YES;
				CLANG_WARN__DUPLICATE_METHOD_MATCH = YES;
				"CODE_SIGN_IDENTITY[sdk=iphoneos*]" = "iPhone Developer";
				COPY_PHASE_STRIP = NO;
				DEBUG_INFORMATION_FORMAT = dwarf;
				ENABLE_STRICT_OBJC_MSGSEND = YES;
				ENABLE_TESTABILITY = YES;
				GCC_C_LANGUAGE_STANDARD = gnu99;
				GCC_DYNAMIC_NO_PIC = NO;
				GCC_NO_COMMON_BLOCKS = YES;
				GCC_OPTIMIZATION_LEVEL = 0;
				GCC_PREPROCESSOR_DEFINITIONS = (
					"DEBUG=1",
					"$(inherited)",
				);
				GCC_WARN_64_TO_32_BIT_CONVERSION = YES;
				GCC_WARN_ABOUT_RETURN_TYPE = YES_ERROR;
				GCC_WARN_UNDECLARED_SELECTOR = YES;
				GCC_WARN_UNINITIALIZED_AUTOS = YES_AGGRESSIVE;
				GCC_WARN_UNUSED_FUNCTION = YES;
				GCC_WARN_UNUSED_VARIABLE = YES;
				IPHONEOS_DEPLOYMENT_TARGET = 10.2;
				MTL_ENABLE_DEBUG_INFO = YES;
				ONLY_ACTIVE_ARCH = YES;
				SDKROOT = iphoneos;
				TARGETED_DEVICE_FAMILY = "1,2";
			};
			name = Debug;
		};
		19B04E3920569E8F00A3366A /* Release */ = {
			isa = XCBuildConfiguration;
			buildSettings = {
				ALWAYS_SEARCH_USER_PATHS = NO;
				CLANG_ANALYZER_NONNULL = YES;
				CLANG_CXX_LANGUAGE_STANDARD = "gnu++0x";
				CLANG_CXX_LIBRARY = "libc++";
				CLANG_ENABLE_MODULES = YES;
				CLANG_ENABLE_OBJC_ARC = YES;
				CLANG_WARN_BOOL_CONVERSION = YES;
				CLANG_WARN_CONSTANT_CONVERSION = YES;
				CLANG_WARN_DIRECT_OBJC_ISA_USAGE = YES_ERROR;
				CLANG_WARN_DOCUMENTATION_COMMENTS = YES;
				CLANG_WARN_EMPTY_BODY = YES;
				CLANG_WARN_ENUM_CONVERSION = YES;
				CLANG_WARN_INFINITE_RECURSION = YES;
				CLANG_WARN_INT_CONVERSION = YES;
				CLANG_WARN_OBJC_ROOT_CLASS = YES_ERROR;
				CLANG_WARN_SUSPICIOUS_MOVE = YES;
				CLANG_WARN_UNREACHABLE_CODE = YES;
				CLANG_WARN__DUPLICATE_METHOD_MATCH = YES;
				"CODE_SIGN_IDENTITY[sdk=iphoneos*]" = "iPhone Developer";
				COPY_PHASE_STRIP = NO;
				DEBUG_INFORMATION_FORMAT = "dwarf-with-dsym";
				ENABLE_NS_ASSERTIONS = NO;
				ENABLE_STRICT_OBJC_MSGSEND = YES;
				GCC_C_LANGUAGE_STANDARD = gnu99;
				GCC_NO_COMMON_BLOCKS = YES;
				GCC_WARN_64_TO_32_BIT_CONVERSION = YES;
				GCC_WARN_ABOUT_RETURN_TYPE = YES_ERROR;
				GCC_WARN_UNDECLARED_SELECTOR = YES;
				GCC_WARN_UNINITIALIZED_AUTOS = YES_AGGRESSIVE;
				GCC_WARN_UNUSED_FUNCTION = YES;
				GCC_WARN_UNUSED_VARIABLE = YES;
				IPHONEOS_DEPLOYMENT_TARGET = 10.2;
				MTL_ENABLE_DEBUG_INFO = NO;
				SDKROOT = iphoneos;
				TARGETED_DEVICE_FAMILY = "1,2";
				VALIDATE_PRODUCT = YES;
			};
			name = Release;
		};
		19B04E3B20569E8F00A3366A /* Debug */ = {
			isa = XCBuildConfiguration;
			buildSettings = {
				ASSETCATALOG_COMPILER_APPICON_NAME = AppIcon;
				INFOPLIST_FILE = SKATableViewExample/Info.plist;
				LD_RUNPATH_SEARCH_PATHS = "$(inherited) @executable_path/Frameworks";
				PRODUCT_BUNDLE_IDENTIFIER = Levioza.SKATableViewExample;
				PRODUCT_NAME = "$(TARGET_NAME)";
			};
			name = Debug;
		};
		19B04E3C20569E8F00A3366A /* Release */ = {
			isa = XCBuildConfiguration;
			buildSettings = {
				ASSETCATALOG_COMPILER_APPICON_NAME = AppIcon;
				INFOPLIST_FILE = SKATableViewExample/Info.plist;
				LD_RUNPATH_SEARCH_PATHS = "$(inherited) @executable_path/Frameworks";
				PRODUCT_BUNDLE_IDENTIFIER = Levioza.SKATableViewExample;
				PRODUCT_NAME = "$(TARGET_NAME)";
			};
			name = Release;
		};
		19B04E3E20569E8F00A3366A /* Debug */ = {
			isa = XCBuildConfiguration;
			buildSettings = {
				BUNDLE_LOADER = "$(TEST_HOST)";
				INFOPLIST_FILE = SKATableViewExampleTests/Info.plist;
				LD_RUNPATH_SEARCH_PATHS = "$(inherited) @executable_path/Frameworks @loader_path/Frameworks";
				PRODUCT_BUNDLE_IDENTIFIER = Levioza.SKATableViewExampleTests;
				PRODUCT_NAME = "$(TARGET_NAME)";
				TEST_HOST = "$(BUILT_PRODUCTS_DIR)/SKATableViewExample.app/SKATableViewExample";
			};
			name = Debug;
		};
		19B04E3F20569E8F00A3366A /* Release */ = {
			isa = XCBuildConfiguration;
			buildSettings = {
				BUNDLE_LOADER = "$(TEST_HOST)";
				INFOPLIST_FILE = SKATableViewExampleTests/Info.plist;
				LD_RUNPATH_SEARCH_PATHS = "$(inherited) @executable_path/Frameworks @loader_path/Frameworks";
				PRODUCT_BUNDLE_IDENTIFIER = Levioza.SKATableViewExampleTests;
				PRODUCT_NAME = "$(TARGET_NAME)";
				TEST_HOST = "$(BUILT_PRODUCTS_DIR)/SKATableViewExample.app/SKATableViewExample";
			};
			name = Release;
		};
		19B04E4120569E8F00A3366A /* Debug */ = {
			isa = XCBuildConfiguration;
			buildSettings = {
				INFOPLIST_FILE = SKATableViewExampleUITests/Info.plist;
				LD_RUNPATH_SEARCH_PATHS = "$(inherited) @executable_path/Frameworks @loader_path/Frameworks";
				PRODUCT_BUNDLE_IDENTIFIER = Levioza.SKATableViewExampleUITests;
				PRODUCT_NAME = "$(TARGET_NAME)";
				TEST_TARGET_NAME = SKATableViewExample;
			};
			name = Debug;
		};
		19B04E4220569E8F00A3366A /* Release */ = {
			isa = XCBuildConfiguration;
			buildSettings = {
				INFOPLIST_FILE = SKATableViewExampleUITests/Info.plist;
				LD_RUNPATH_SEARCH_PATHS = "$(inherited) @executable_path/Frameworks @loader_path/Frameworks";
				PRODUCT_BUNDLE_IDENTIFIER = Levioza.SKATableViewExampleUITests;
				PRODUCT_NAME = "$(TARGET_NAME)";
				TEST_TARGET_NAME = SKATableViewExample;
			};
			name = Release;
		};
/* End XCBuildConfiguration section */

/* Begin XCConfigurationList section */
		19B04E0820569E8E00A3366A /* Build configuration list for PBXProject "SKATableViewExample" */ = {
			isa = XCConfigurationList;
			buildConfigurations = (
				19B04E3820569E8F00A3366A /* Debug */,
				19B04E3920569E8F00A3366A /* Release */,
			);
			defaultConfigurationIsVisible = 0;
			defaultConfigurationName = Release;
		};
		19B04E3A20569E8F00A3366A /* Build configuration list for PBXNativeTarget "SKATableViewExample" */ = {
			isa = XCConfigurationList;
			buildConfigurations = (
				19B04E3B20569E8F00A3366A /* Debug */,
				19B04E3C20569E8F00A3366A /* Release */,
			);
			defaultConfigurationIsVisible = 0;
		};
		19B04E3D20569E8F00A3366A /* Build configuration list for PBXNativeTarget "SKATableViewExampleTests" */ = {
			isa = XCConfigurationList;
			buildConfigurations = (
				19B04E3E20569E8F00A3366A /* Debug */,
				19B04E3F20569E8F00A3366A /* Release */,
			);
			defaultConfigurationIsVisible = 0;
		};
		19B04E4020569E8F00A3366A /* Build configuration list for PBXNativeTarget "SKATableViewExampleUITests" */ = {
			isa = XCConfigurationList;
			buildConfigurations = (
				19B04E4120569E8F00A3366A /* Debug */,
				19B04E4220569E8F00A3366A /* Release */,
			);
			defaultConfigurationIsVisible = 0;
		};
/* End XCConfigurationList section */
	};
	rootObject = 19B04E0520569E8E00A3366A /* Project object */;
}
